
Microsoft Visual Studio Solution File, Format Version 12.00
# Visual Studio Version 17
VisualStudioVersion = 17.7.34031.279
MinimumVisualStudioVersion = 10.0.40219.1
Project("{FAE04EC0-301F-11D3-BF4B-00C04F79EFBC}") = "PDFmaster", "WebApplication6\PDFmaster.csproj", "{7E92CDBF-C5B8-46A0-9CD5-11E26213EA32}"
EndProject
Global
	GlobalSection(SolutionConfigurationPlatforms) = preSolution
		Debug|Any CPU = Debug|Any CPU
		Release|Any CPU = Release|Any CPU
	EndGlobalSection
	GlobalSection(ProjectConfigurationPlatforms) = postSolution
		{7E92CDBF-C5B8-46A0-9CD5-11E26213EA32}.Debug|Any CPU.ActiveCfg = Debug|Any CPU
		{7E92CDBF-C5B8-46A0-9CD5-11E26213EA32}.Debug|Any CPU.Build.0 = Debug|Any CPU
		{7E92CDBF-C5B8-46A0-9CD5-11E26213EA32}.Release|Any CPU.ActiveCfg = Release|Any CPU
		{7E92CDBF-C5B8-46A0-9CD5-11E26213EA32}.Release|Any CPU.Build.0 = Release|Any CPU
	EndGlobalSection
	GlobalSection(SolutionProperties) = preSolution
		HideSolutionNode = FALSE
	EndGlobalSection
	GlobalSection(ExtensibilityGlobals) = postSolution
		SolutionGuid = {575F36C1-030E-4948-908A-E33610B8201F}
	EndGlobalSection
EndGlobal
